<?xml version="1.0" encoding="utf-8"?>
<Project ToolsVersion="4.0" xmlns="http://schemas.microsoft.com/developer/msbuild/2003">
  <ItemGroup>
    <Filter Include="Source Files">
      <UniqueIdentifier>{4FC737F1-C7A5-4376-A066-2A32D752A2FF}</UniqueIdentifier>
      <Extensions>cpp;c;cc;cxx;c++;cppm;ixx;def;odl;idl;hpj;bat;asm;asmx</Extensions>
    </Filter>
    <Filter Include="Header Files">
      <UniqueIdentifier>{93995380-89BD-4b04-88EB-625FBE52EBFB}</UniqueIdentifier>
      <Extensions>h;hh;hpp;hxx;h++;hm;inl;inc;ipp;xsd</Extensions>
    </Filter>
    <Filter Include="Resource Files">
      <UniqueIdentifier>{67DA6AB6-F800-4c08-8B7A-83BB121AAD01}</UniqueIdentifier>
      <Extensions>rc;ico;cur;bmp;dlg;rc2;rct;bin;rgs;gif;jpg;jpeg;jpe;resx;tiff;tif;png;wav;mfcribbon-ms</Extensions>
    </Filter>
  </ItemGroup>
  <ItemGroup>
    <ClCompile Include="HotelManagementSystem.cpp">
      <Filter>Source Files</Filter>
    </ClCompile>
    <ClCompile Include="people.cpp">
      <Filter>Source Files</Filter>
    </ClCompile>
    <ClCompile Include="room.cpp">
      <Filter>Source Files</Filter>
    </ClCompile>
    <ClCompile Include="suite.cpp">
      <Filter>Source Files</Filter>
    </ClCompile>
    <ClCompile Include="singleRB.cpp">
      <Filter>Source Files</Filter>
    </ClCompile>
    <ClCompile Include="doubleRB.cpp">
      <Filter>Source Files</Filter>
    </ClCompile>
    <ClCompile Include="tripleRB.cpp">
      <Filter>Source Files</Filter>
    </ClCompile>
    <ClCompile Include="user.cpp">
      <Filter>Source Files</Filter>
    </ClCompile>
    <ClCompile Include="admins.cpp">
      <Filter>Source Files</Filter>
    </ClCompile>
    <ClCompile Include="beachRoom.cpp">
      <Filter>Source Files</Filter>
    </ClCompile>
    <ClCompile Include="poolRoom.cpp">
      <Filter>Source Files</Filter>
    </ClCompile>
    <ClCompile Include="juniorSuite.cpp">
      <Filter>Source Files</Filter>
    </ClCompile>
    <ClCompile Include="villaSuite.cpp">
      <Filter>Source Files</Filter>
    </ClCompile>
    <ClCompile Include="deluxeSuite.cpp">
      <Filter>Source Files</Filter>
    </ClCompile>
    <ClCompile Include="gardenRoom.cpp">
      <Filter>Source Files</Filter>
    </ClCompile>
    <ClCompile Include="singleRP.cpp">
      <Filter>Source Files</Filter>
    </ClCompile>
    <ClCompile Include="doubleRP.cpp">
      <Filter>Source Files</Filter>
    </ClCompile>
    <ClCompile Include="tripleRP.cpp">
      <Filter>Source Files</Filter>
    </ClCompile>
    <ClCompile Include="singleRG.cpp">
      <Filter>Source Files</Filter>
    </ClCompile>
    <ClCompile Include="doubleRG.cpp">
      <Filter>Source Files</Filter>
    </ClCompile>
    <ClCompile Include="tripleRG.cpp">
      <Filter>Source Files</Filter>
    </ClCompile>
  </ItemGroup>
  <ItemGroup>
    <ClInclude Include="people.h">
      <Filter>Header Files</Filter>
    </ClInclude>
    <ClInclude Include="room.h">
      <Filter>Header Files</Filter>
    </ClInclude>
    <ClInclude Include="suite.h">
      <Filter>Header Files</Filter>
    </ClInclude>
    <ClInclude Include="singleRB.h">
      <Filter>Header Files</Filter>
    </ClInclude>
    <ClInclude Include="doubleRB.h">
      <Filter>Header Files</Filter>
    </ClInclude>
    <ClInclude Include="tripleRB.h">
      <Filter>Header Files</Filter>
    </ClInclude>
    <ClInclude Include="user.h">
      <Filter>Header Files</Filter>
    </ClInclude>
    <ClInclude Include="admins.h">
      <Filter>Header Files</Filter>
    </ClInclude>
    <ClInclude Include="beachRoom.h">
      <Filter>Header Files</Filter>
    </ClInclude>
    <ClInclude Include="poolRoom.h">
      <Filter>Header Files</Filter>
    </ClInclude>
    <ClInclude Include="juniorSuite.h">
      <Filter>Header Files</Filter>
    </ClInclude>
    <ClInclude Include="villaSuite.h">
      <Filter>Header Files</Filter>
    </ClInclude>
    <ClInclude Include="deluxeSuite.h">
      <Filter>Header Files</Filter>
    </ClInclude>
    <ClInclude Include="gardenRoom.h">
      <Filter>Header Files</Filter>
    </ClInclude>
    <ClInclude Include="singleRP.h">
      <Filter>Header Files</Filter>
    </ClInclude>
    <ClInclude Include="doubleRP.h">
      <Filter>Header Files</Filter>
    </ClInclude>
    <ClInclude Include="tripleRP.h">
      <Filter>Header Files</Filter>
    </ClInclude>
    <ClInclude Include="singleRG.h">
      <Filter>Header Files</Filter>
    </ClInclude>
    <ClInclude Include="doubleRG.h">
      <Filter>Header Files</Filter>
    </ClInclude>
    <ClInclude Include="tripleRG.h">
      <Filter>Header Files</Filter>
    </ClInclude>
  </ItemGroup>
</Project>